
Microsoft Visual Studio Solution File, Format Version 12.00
# Visual Studio 15
VisualStudioVersion = 15.0.27130.2024
MinimumVisualStudioVersion = 10.0.40219.1
Project("{FAE04EC0-301F-11D3-BF4B-00C04F79EFBC}") = "MoneyTrader", "MoneyTrader\MoneyTrader.csproj", "{62F5FCFF-DF73-459C-91FF-A1C3C32BECE7}"
EndProject
Global
	GlobalSection(SolutionConfigurationPlatforms) = preSolution
		Debug|Any CPU = Debug|Any CPU
		Release|Any CPU = Release|Any CPU
	EndGlobalSection
	GlobalSection(ProjectConfigurationPlatforms) = postSolution
		{62F5FCFF-DF73-459C-91FF-A1C3C32BECE7}.Debug|Any CPU.ActiveCfg = Debug|Any CPU
		{62F5FCFF-DF73-459C-91FF-A1C3C32BECE7}.Debug|Any CPU.Build.0 = Debug|Any CPU
		{62F5FCFF-DF73-459C-91FF-A1C3C32BECE7}.Release|Any CPU.ActiveCfg = Release|Any CPU
		{62F5FCFF-DF73-459C-91FF-A1C3C32BECE7}.Release|Any CPU.Build.0 = Release|Any CPU
	EndGlobalSection
	GlobalSection(SolutionProperties) = preSolution
		HideSolutionNode = FALSE
	EndGlobalSection
	GlobalSection(ExtensibilityGlobals) = postSolution
		SolutionGuid = {333E9FD2-68E0-4A8E-9F12-19BC36D6152F}
	EndGlobalSection
EndGlobal
